
Microsoft Visual Studio Solution File, Format Version 12.00
# Visual Studio Version 17
VisualStudioVersion = 17.14.36623.8
MinimumVisualStudioVersion = 10.0.40219.1
Project("{2150E333-8FDC-42A3-9474-1A3956D46DE8}") = "src", "src", "{827E0CD3-B72D-47B6-A68D-7590B98EB39B}"
EndProject
Project("{FAE04EC0-301F-11D3-BF4B-00C04F79EFBC}") = "Planner.API", "src\Planner.API\Planner.API.csproj", "{45307268-0DE1-4E1E-A48B-A21E82569B55}"
EndProject
Project("{FAE04EC0-301F-11D3-BF4B-00C04F79EFBC}") = "Planner.Application", "src\Planner.Application\Planner.Application.csproj", "{CDD2BBBD-EE40-4D0F-B552-F92DE6878735}"
EndProject
Project("{FAE04EC0-301F-11D3-BF4B-00C04F79EFBC}") = "Planner.BlazorApp", "src\Planner.BlazorApp\Planner.BlazorApp.csproj", "{07247C00-9F98-4C27-A069-263004CA2A7F}"
	ProjectSection(ProjectDependencies) = postProject
		{15C49A41-919F-4C1B-B05A-E62A744E2F08} = {15C49A41-919F-4C1B-B05A-E62A744E2F08}
		{4A351D51-0540-4C03-8EFF-A000DB9F32D5} = {4A351D51-0540-4C03-8EFF-A000DB9F32D5}
		{67BB7101-4587-4654-B5C4-F322A331BED0} = {67BB7101-4587-4654-B5C4-F322A331BED0}
		{CDD2BBBD-EE40-4D0F-B552-F92DE6878735} = {CDD2BBBD-EE40-4D0F-B552-F92DE6878735}
	EndProjectSection
EndProject
Project("{FAE04EC0-301F-11D3-BF4B-00C04F79EFBC}") = "Planner.Domain", "src\Planner.Domain\Planner.Domain.csproj", "{67BB7101-4587-4654-B5C4-F322A331BED0}"
EndProject
Project("{FAE04EC0-301F-11D3-BF4B-00C04F79EFBC}") = "Planner.Infrastructure", "src\Planner.Infrastructure\Planner.Infrastructure.csproj", "{E566129C-04DA-48D1-8415-2394D8853B33}"
EndProject
Project("{FAE04EC0-301F-11D3-BF4B-00C04F79EFBC}") = "Planner.Optimization", "src\Planner.Optimization\Planner.Optimization.csproj", "{59C10627-C5A7-4147-80E6-B926F34DDC6B}"
EndProject
Project("{FAE04EC0-301F-11D3-BF4B-00C04F79EFBC}") = "Planner.Contracts", "src\Planner.Contracts\Planner.Contracts.csproj", "{15C49A41-919F-4C1B-B05A-E62A744E2F08}"
EndProject
Project("{FAE04EC0-301F-11D3-BF4B-00C04F79EFBC}") = "Planner.Messaging", "src\Planner.Messaging\Planner.Messaging.csproj", "{4A351D51-0540-4C03-8EFF-A000DB9F32D5}"
EndProject
Project("{2150E333-8FDC-42A3-9474-1A3956D46DE8}") = "Solution Items", "Solution Items", "{8EC462FD-D22E-90A8-E5CE-7E832BA40C5D}"
	ProjectSection(SolutionItems) = preProject
		README.md = README.md
	EndProjectSection
EndProject
Project("{FAE04EC0-301F-11D3-BF4B-00C04F79EFBC}") = "Planner.Optimization.Worker", "src\Planner.Optimization.Worker\Planner.Optimization.Worker.csproj", "{550B6054-3939-41FE-9F23-82E6DA39A030}"
EndProject
Project("{2150E333-8FDC-42A3-9474-1A3956D46DE8}") = "test", "test", "{02EA681E-C7D8-13C7-8484-4AC65E1B71E8}"
EndProject
Project("{FAE04EC0-301F-11D3-BF4B-00C04F79EFBC}") = "Planner.Testing", "test\Planner.Testing\Planner.Testing.csproj", "{14300016-35C0-4EE6-9DBF-7ED9471C9457}"
EndProject
Project("{FAE04EC0-301F-11D3-BF4B-00C04F79EFBC}") = "Planner.Optimization.PropertyTests", "test\Planner.Optimization.PropertyTests\Planner.Optimization.PropertyTests.csproj", "{EB16FDE7-0546-4FB3-8062-0DE089576A2D}"
EndProject
Project("{FAE04EC0-301F-11D3-BF4B-00C04F79EFBC}") = "Planner.Optimization.SnapshotTests", "test\Planner.Optimization.SnapshotTests\Planner.Optimization.SnapshotTests.csproj", "{34BE4B78-D038-4CD4-84D3-5D6B7838A18F}"
EndProject
Project("{FAE04EC0-301F-11D3-BF4B-00C04F79EFBC}") = "Planner.Optimization.IntegrationTests", "test\Planner.Optimization.IntegrationTests\Planner.Optimization.IntegrationTests.csproj", "{0FCD909D-148D-40E0-A228-228A438E61D8}"
EndProject
Project("{FAE04EC0-301F-11D3-BF4B-00C04F79EFBC}") = "Planner.Messaging.ContractSnapshots", "test\Planner.Messaging.ContractSnapshots\Planner.Messaging.ContractSnapshots.csproj", "{B071A825-C72D-4C15-81B3-BC2C82A2FFE2}"
EndProject
Project("{FAE04EC0-301F-11D3-BF4B-00C04F79EFBC}") = "Planner.API.EndToEndTests", "test\Planner.API.EndToEndTests\Planner.API.EndToEndTests.csproj", "{5A5ECC88-CC86-48D8-81EA-52D7DDD73578}"
EndProject
Project("{2150E333-8FDC-42A3-9474-1A3956D46DE8}") = "tools", "tools", "{EF0CAEC9-4B30-42D7-93B4-36351119F59B}"
EndProject
Project("{FAE04EC0-301F-11D3-BF4B-00C04F79EFBC}") = "Planner.Tools.DbMigrator", "tools\Planner.Tools.DbMigrator\Planner.Tools.DbMigrator.csproj", "{CBCDE861-65EF-43CF-BABB-96BF5CC9800D}"
EndProject
Project("{FAE04EC0-301F-11D3-BF4B-00C04F79EFBC}") = "Planner.API.Tests", "test\Planner.API.Tests\Planner.API.Tests.csproj", "{4A3B1CC6-5E9D-F4A9-858F-3D5BACC0DCE2}"
EndProject
Global
	GlobalSection(SolutionConfigurationPlatforms) = preSolution
		Debug|Any CPU = Debug|Any CPU
		Debug|x64 = Debug|x64
		Debug|x86 = Debug|x86
		Release|Any CPU = Release|Any CPU
		Release|x64 = Release|x64
		Release|x86 = Release|x86
	EndGlobalSection
	GlobalSection(ProjectConfigurationPlatforms) = postSolution
		{45307268-0DE1-4E1E-A48B-A21E82569B55}.Debug|Any CPU.ActiveCfg = Debug|Any CPU
		{45307268-0DE1-4E1E-A48B-A21E82569B55}.Debug|Any CPU.Build.0 = Debug|Any CPU
		{45307268-0DE1-4E1E-A48B-A21E82569B55}.Debug|x64.ActiveCfg = Debug|Any CPU
		{45307268-0DE1-4E1E-A48B-A21E82569B55}.Debug|x64.Build.0 = Debug|Any CPU
		{45307268-0DE1-4E1E-A48B-A21E82569B55}.Debug|x86.ActiveCfg = Debug|Any CPU
		{45307268-0DE1-4E1E-A48B-A21E82569B55}.Debug|x86.Build.0 = Debug|Any CPU
		{45307268-0DE1-4E1E-A48B-A21E82569B55}.Release|Any CPU.ActiveCfg = Release|Any CPU
		{45307268-0DE1-4E1E-A48B-A21E82569B55}.Release|Any CPU.Build.0 = Release|Any CPU
		{45307268-0DE1-4E1E-A48B-A21E82569B55}.Release|x64.ActiveCfg = Release|Any CPU
		{45307268-0DE1-4E1E-A48B-A21E82569B55}.Release|x64.Build.0 = Release|Any CPU
		{45307268-0DE1-4E1E-A48B-A21E82569B55}.Release|x86.ActiveCfg = Release|Any CPU
		{45307268-0DE1-4E1E-A48B-A21E82569B55}.Release|x86.Build.0 = Release|Any CPU
		{CDD2BBBD-EE40-4D0F-B552-F92DE6878735}.Debug|Any CPU.ActiveCfg = Debug|Any CPU
		{CDD2BBBD-EE40-4D0F-B552-F92DE6878735}.Debug|Any CPU.Build.0 = Debug|Any CPU
		{CDD2BBBD-EE40-4D0F-B552-F92DE6878735}.Debug|x64.ActiveCfg = Debug|Any CPU
		{CDD2BBBD-EE40-4D0F-B552-F92DE6878735}.Debug|x64.Build.0 = Debug|Any CPU
		{CDD2BBBD-EE40-4D0F-B552-F92DE6878735}.Debug|x86.ActiveCfg = Debug|Any CPU
		{CDD2BBBD-EE40-4D0F-B552-F92DE6878735}.Debug|x86.Build.0 = Debug|Any CPU
		{CDD2BBBD-EE40-4D0F-B552-F92DE6878735}.Release|Any CPU.ActiveCfg = Release|Any CPU
		{CDD2BBBD-EE40-4D0F-B552-F92DE6878735}.Release|Any CPU.Build.0 = Release|Any CPU
		{CDD2BBBD-EE40-4D0F-B552-F92DE6878735}.Release|x64.ActiveCfg = Release|Any CPU
		{CDD2BBBD-EE40-4D0F-B552-F92DE6878735}.Release|x64.Build.0 = Release|Any CPU
		{CDD2BBBD-EE40-4D0F-B552-F92DE6878735}.Release|x86.ActiveCfg = Release|Any CPU
		{CDD2BBBD-EE40-4D0F-B552-F92DE6878735}.Release|x86.Build.0 = Release|Any CPU
		{07247C00-9F98-4C27-A069-263004CA2A7F}.Debug|Any CPU.ActiveCfg = Debug|Any CPU
		{07247C00-9F98-4C27-A069-263004CA2A7F}.Debug|Any CPU.Build.0 = Debug|Any CPU
		{07247C00-9F98-4C27-A069-263004CA2A7F}.Debug|x64.ActiveCfg = Debug|Any CPU
		{07247C00-9F98-4C27-A069-263004CA2A7F}.Debug|x64.Build.0 = Debug|Any CPU
		{07247C00-9F98-4C27-A069-263004CA2A7F}.Debug|x86.ActiveCfg = Debug|Any CPU
		{07247C00-9F98-4C27-A069-263004CA2A7F}.Debug|x86.Build.0 = Debug|Any CPU
		{07247C00-9F98-4C27-A069-263004CA2A7F}.Release|Any CPU.ActiveCfg = Release|Any CPU
		{07247C00-9F98-4C27-A069-263004CA2A7F}.Release|Any CPU.Build.0 = Release|Any CPU
		{07247C00-9F98-4C27-A069-263004CA2A7F}.Release|x64.ActiveCfg = Release|Any CPU
		{07247C00-9F98-4C27-A069-263004CA2A7F}.Release|x64.Build.0 = Release|Any CPU
		{07247C00-9F98-4C27-A069-263004CA2A7F}.Release|x86.ActiveCfg = Release|Any CPU
		{07247C00-9F98-4C27-A069-263004CA2A7F}.Release|x86.Build.0 = Release|Any CPU
		{67BB7101-4587-4654-B5C4-F322A331BED0}.Debug|Any CPU.ActiveCfg = Debug|Any CPU
		{67BB7101-4587-4654-B5C4-F322A331BED0}.Debug|Any CPU.Build.0 = Debug|Any CPU
		{67BB7101-4587-4654-B5C4-F322A331BED0}.Debug|x64.ActiveCfg = Debug|Any CPU
		{67BB7101-4587-4654-B5C4-F322A331BED0}.Debug|x64.Build.0 = Debug|Any CPU
		{67BB7101-4587-4654-B5C4-F322A331BED0}.Debug|x86.ActiveCfg = Debug|Any CPU
		{67BB7101-4587-4654-B5C4-F322A331BED0}.Debug|x86.Build.0 = Debug|Any CPU
		{67BB7101-4587-4654-B5C4-F322A331BED0}.Release|Any CPU.ActiveCfg = Release|Any CPU
		{67BB7101-4587-4654-B5C4-F322A331BED0}.Release|Any CPU.Build.0 = Release|Any CPU
		{67BB7101-4587-4654-B5C4-F322A331BED0}.Release|x64.ActiveCfg = Release|Any CPU
		{67BB7101-4587-4654-B5C4-F322A331BED0}.Release|x64.Build.0 = Release|Any CPU
		{67BB7101-4587-4654-B5C4-F322A331BED0}.Release|x86.ActiveCfg = Release|Any CPU
		{67BB7101-4587-4654-B5C4-F322A331BED0}.Release|x86.Build.0 = Release|Any CPU
		{E566129C-04DA-48D1-8415-2394D8853B33}.Debug|Any CPU.ActiveCfg = Debug|Any CPU
		{E566129C-04DA-48D1-8415-2394D8853B33}.Debug|Any CPU.Build.0 = Debug|Any CPU
		{E566129C-04DA-48D1-8415-2394D8853B33}.Debug|x64.ActiveCfg = Debug|Any CPU
		{E566129C-04DA-48D1-8415-2394D8853B33}.Debug|x64.Build.0 = Debug|Any CPU
		{E566129C-04DA-48D1-8415-2394D8853B33}.Debug|x86.ActiveCfg = Debug|Any CPU
		{E566129C-04DA-48D1-8415-2394D8853B33}.Debug|x86.Build.0 = Debug|Any CPU
		{E566129C-04DA-48D1-8415-2394D8853B33}.Release|Any CPU.ActiveCfg = Release|Any CPU
		{E566129C-04DA-48D1-8415-2394D8853B33}.Release|Any CPU.Build.0 = Release|Any CPU
		{E566129C-04DA-48D1-8415-2394D8853B33}.Release|x64.ActiveCfg = Release|Any CPU
		{E566129C-04DA-48D1-8415-2394D8853B33}.Release|x64.Build.0 = Release|Any CPU
		{E566129C-04DA-48D1-8415-2394D8853B33}.Release|x86.ActiveCfg = Release|Any CPU
		{E566129C-04DA-48D1-8415-2394D8853B33}.Release|x86.Build.0 = Release|Any CPU
		{59C10627-C5A7-4147-80E6-B926F34DDC6B}.Debug|Any CPU.ActiveCfg = Debug|Any CPU
		{59C10627-C5A7-4147-80E6-B926F34DDC6B}.Debug|Any CPU.Build.0 = Debug|Any CPU
		{59C10627-C5A7-4147-80E6-B926F34DDC6B}.Debug|x64.ActiveCfg = Debug|Any CPU
		{59C10627-C5A7-4147-80E6-B926F34DDC6B}.Debug|x64.Build.0 = Debug|Any CPU
		{59C10627-C5A7-4147-80E6-B926F34DDC6B}.Debug|x86.ActiveCfg = Debug|Any CPU
		{59C10627-C5A7-4147-80E6-B926F34DDC6B}.Debug|x86.Build.0 = Debug|Any CPU
		{59C10627-C5A7-4147-80E6-B926F34DDC6B}.Release|Any CPU.ActiveCfg = Release|Any CPU
		{59C10627-C5A7-4147-80E6-B926F34DDC6B}.Release|Any CPU.Build.0 = Release|Any CPU
		{59C10627-C5A7-4147-80E6-B926F34DDC6B}.Release|x64.ActiveCfg = Release|Any CPU
		{59C10627-C5A7-4147-80E6-B926F34DDC6B}.Release|x64.Build.0 = Release|Any CPU
		{59C10627-C5A7-4147-80E6-B926F34DDC6B}.Release|x86.ActiveCfg = Release|Any CPU
		{59C10627-C5A7-4147-80E6-B926F34DDC6B}.Release|x86.Build.0 = Release|Any CPU
		{15C49A41-919F-4C1B-B05A-E62A744E2F08}.Debug|Any CPU.ActiveCfg = Debug|Any CPU
		{15C49A41-919F-4C1B-B05A-E62A744E2F08}.Debug|Any CPU.Build.0 = Debug|Any CPU
		{15C49A41-919F-4C1B-B05A-E62A744E2F08}.Debug|x64.ActiveCfg = Debug|Any CPU
		{15C49A41-919F-4C1B-B05A-E62A744E2F08}.Debug|x64.Build.0 = Debug|Any CPU
		{15C49A41-919F-4C1B-B05A-E62A744E2F08}.Debug|x86.ActiveCfg = Debug|Any CPU
		{15C49A41-919F-4C1B-B05A-E62A744E2F08}.Debug|x86.Build.0 = Debug|Any CPU
		{15C49A41-919F-4C1B-B05A-E62A744E2F08}.Release|Any CPU.ActiveCfg = Release|Any CPU
		{15C49A41-919F-4C1B-B05A-E62A744E2F08}.Release|Any CPU.Build.0 = Release|Any CPU
		{15C49A41-919F-4C1B-B05A-E62A744E2F08}.Release|x64.ActiveCfg = Release|Any CPU
		{15C49A41-919F-4C1B-B05A-E62A744E2F08}.Release|x64.Build.0 = Release|Any CPU
		{15C49A41-919F-4C1B-B05A-E62A744E2F08}.Release|x86.ActiveCfg = Release|Any CPU
		{15C49A41-919F-4C1B-B05A-E62A744E2F08}.Release|x86.Build.0 = Release|Any CPU
		{4A351D51-0540-4C03-8EFF-A000DB9F32D5}.Debug|Any CPU.ActiveCfg = Debug|Any CPU
		{4A351D51-0540-4C03-8EFF-A000DB9F32D5}.Debug|Any CPU.Build.0 = Debug|Any CPU
		{4A351D51-0540-4C03-8EFF-A000DB9F32D5}.Debug|x64.ActiveCfg = Debug|Any CPU
		{4A351D51-0540-4C03-8EFF-A000DB9F32D5}.Debug|x64.Build.0 = Debug|Any CPU
		{4A351D51-0540-4C03-8EFF-A000DB9F32D5}.Debug|x86.ActiveCfg = Debug|Any CPU
		{4A351D51-0540-4C03-8EFF-A000DB9F32D5}.Debug|x86.Build.0 = Debug|Any CPU
		{4A351D51-0540-4C03-8EFF-A000DB9F32D5}.Release|Any CPU.ActiveCfg = Release|Any CPU
		{4A351D51-0540-4C03-8EFF-A000DB9F32D5}.Release|Any CPU.Build.0 = Release|Any CPU
		{4A351D51-0540-4C03-8EFF-A000DB9F32D5}.Release|x64.ActiveCfg = Release|Any CPU
		{4A351D51-0540-4C03-8EFF-A000DB9F32D5}.Release|x64.Build.0 = Release|Any CPU
		{4A351D51-0540-4C03-8EFF-A000DB9F32D5}.Release|x86.ActiveCfg = Release|Any CPU
		{4A351D51-0540-4C03-8EFF-A000DB9F32D5}.Release|x86.Build.0 = Release|Any CPU
		{550B6054-3939-41FE-9F23-82E6DA39A030}.Debug|Any CPU.ActiveCfg = Debug|Any CPU
		{550B6054-3939-41FE-9F23-82E6DA39A030}.Debug|Any CPU.Build.0 = Debug|Any CPU
		{550B6054-3939-41FE-9F23-82E6DA39A030}.Debug|x64.ActiveCfg = Debug|Any CPU
		{550B6054-3939-41FE-9F23-82E6DA39A030}.Debug|x64.Build.0 = Debug|Any CPU
		{550B6054-3939-41FE-9F23-82E6DA39A030}.Debug|x86.ActiveCfg = Debug|Any CPU
		{550B6054-3939-41FE-9F23-82E6DA39A030}.Debug|x86.Build.0 = Debug|Any CPU
		{550B6054-3939-41FE-9F23-82E6DA39A030}.Release|Any CPU.ActiveCfg = Release|Any CPU
		{550B6054-3939-41FE-9F23-82E6DA39A030}.Release|Any CPU.Build.0 = Release|Any CPU
		{550B6054-3939-41FE-9F23-82E6DA39A030}.Release|x64.ActiveCfg = Release|Any CPU
		{550B6054-3939-41FE-9F23-82E6DA39A030}.Release|x64.Build.0 = Release|Any CPU
		{550B6054-3939-41FE-9F23-82E6DA39A030}.Release|x86.ActiveCfg = Release|Any CPU
		{550B6054-3939-41FE-9F23-82E6DA39A030}.Release|x86.Build.0 = Release|Any CPU
		{14300016-35C0-4EE6-9DBF-7ED9471C9457}.Debug|Any CPU.ActiveCfg = Debug|Any CPU
		{14300016-35C0-4EE6-9DBF-7ED9471C9457}.Debug|Any CPU.Build.0 = Debug|Any CPU
		{14300016-35C0-4EE6-9DBF-7ED9471C9457}.Debug|x64.ActiveCfg = Debug|Any CPU
		{14300016-35C0-4EE6-9DBF-7ED9471C9457}.Debug|x64.Build.0 = Debug|Any CPU
		{14300016-35C0-4EE6-9DBF-7ED9471C9457}.Debug|x86.ActiveCfg = Debug|Any CPU
		{14300016-35C0-4EE6-9DBF-7ED9471C9457}.Debug|x86.Build.0 = Debug|Any CPU
		{14300016-35C0-4EE6-9DBF-7ED9471C9457}.Release|Any CPU.ActiveCfg = Release|Any CPU
		{14300016-35C0-4EE6-9DBF-7ED9471C9457}.Release|Any CPU.Build.0 = Release|Any CPU
		{14300016-35C0-4EE6-9DBF-7ED9471C9457}.Release|x64.ActiveCfg = Release|Any CPU
		{14300016-35C0-4EE6-9DBF-7ED9471C9457}.Release|x64.Build.0 = Release|Any CPU
		{14300016-35C0-4EE6-9DBF-7ED9471C9457}.Release|x86.ActiveCfg = Release|Any CPU
		{14300016-35C0-4EE6-9DBF-7ED9471C9457}.Release|x86.Build.0 = Release|Any CPU
		{EB16FDE7-0546-4FB3-8062-0DE089576A2D}.Debug|Any CPU.ActiveCfg = Debug|Any CPU
		{EB16FDE7-0546-4FB3-8062-0DE089576A2D}.Debug|Any CPU.Build.0 = Debug|Any CPU
		{EB16FDE7-0546-4FB3-8062-0DE089576A2D}.Debug|x64.ActiveCfg = Debug|Any CPU
		{EB16FDE7-0546-4FB3-8062-0DE089576A2D}.Debug|x64.Build.0 = Debug|Any CPU
		{EB16FDE7-0546-4FB3-8062-0DE089576A2D}.Debug|x86.ActiveCfg = Debug|Any CPU
		{EB16FDE7-0546-4FB3-8062-0DE089576A2D}.Debug|x86.Build.0 = Debug|Any CPU
		{EB16FDE7-0546-4FB3-8062-0DE089576A2D}.Release|Any CPU.ActiveCfg = Release|Any CPU
		{EB16FDE7-0546-4FB3-8062-0DE089576A2D}.Release|Any CPU.Build.0 = Release|Any CPU
		{EB16FDE7-0546-4FB3-8062-0DE089576A2D}.Release|x64.ActiveCfg = Release|Any CPU
		{EB16FDE7-0546-4FB3-8062-0DE089576A2D}.Release|x64.Build.0 = Release|Any CPU
		{EB16FDE7-0546-4FB3-8062-0DE089576A2D}.Release|x86.ActiveCfg = Release|Any CPU
		{EB16FDE7-0546-4FB3-8062-0DE089576A2D}.Release|x86.Build.0 = Release|Any CPU
		{34BE4B78-D038-4CD4-84D3-5D6B7838A18F}.Debug|Any CPU.ActiveCfg = Debug|Any CPU
		{34BE4B78-D038-4CD4-84D3-5D6B7838A18F}.Debug|Any CPU.Build.0 = Debug|Any CPU
		{34BE4B78-D038-4CD4-84D3-5D6B7838A18F}.Debug|x64.ActiveCfg = Debug|Any CPU
		{34BE4B78-D038-4CD4-84D3-5D6B7838A18F}.Debug|x64.Build.0 = Debug|Any CPU
		{34BE4B78-D038-4CD4-84D3-5D6B7838A18F}.Debug|x86.ActiveCfg = Debug|Any CPU
		{34BE4B78-D038-4CD4-84D3-5D6B7838A18F}.Debug|x86.Build.0 = Debug|Any CPU
		{34BE4B78-D038-4CD4-84D3-5D6B7838A18F}.Release|Any CPU.ActiveCfg = Release|Any CPU
		{34BE4B78-D038-4CD4-84D3-5D6B7838A18F}.Release|Any CPU.Build.0 = Release|Any CPU
		{34BE4B78-D038-4CD4-84D3-5D6B7838A18F}.Release|x64.ActiveCfg = Release|Any CPU
		{34BE4B78-D038-4CD4-84D3-5D6B7838A18F}.Release|x64.Build.0 = Release|Any CPU
		{34BE4B78-D038-4CD4-84D3-5D6B7838A18F}.Release|x86.ActiveCfg = Release|Any CPU
		{34BE4B78-D038-4CD4-84D3-5D6B7838A18F}.Release|x86.Build.0 = Release|Any CPU
		{0FCD909D-148D-40E0-A228-228A438E61D8}.Debug|Any CPU.ActiveCfg = Debug|Any CPU
		{0FCD909D-148D-40E0-A228-228A438E61D8}.Debug|Any CPU.Build.0 = Debug|Any CPU
		{0FCD909D-148D-40E0-A228-228A438E61D8}.Debug|x64.ActiveCfg = Debug|Any CPU
		{0FCD909D-148D-40E0-A228-228A438E61D8}.Debug|x64.Build.0 = Debug|Any CPU
		{0FCD909D-148D-40E0-A228-228A438E61D8}.Debug|x86.ActiveCfg = Debug|Any CPU
		{0FCD909D-148D-40E0-A228-228A438E61D8}.Debug|x86.Build.0 = Debug|Any CPU
		{0FCD909D-148D-40E0-A228-228A438E61D8}.Release|Any CPU.ActiveCfg = Release|Any CPU
		{0FCD909D-148D-40E0-A228-228A438E61D8}.Release|Any CPU.Build.0 = Release|Any CPU
		{0FCD909D-148D-40E0-A228-228A438E61D8}.Release|x64.ActiveCfg = Release|Any CPU
		{0FCD909D-148D-40E0-A228-228A438E61D8}.Release|x64.Build.0 = Release|Any CPU
		{0FCD909D-148D-40E0-A228-228A438E61D8}.Release|x86.ActiveCfg = Release|Any CPU
		{0FCD909D-148D-40E0-A228-228A438E61D8}.Release|x86.Build.0 = Release|Any CPU
		{B071A825-C72D-4C15-81B3-BC2C82A2FFE2}.Debug|Any CPU.ActiveCfg = Debug|Any CPU
		{B071A825-C72D-4C15-81B3-BC2C82A2FFE2}.Debug|Any CPU.Build.0 = Debug|Any CPU
		{B071A825-C72D-4C15-81B3-BC2C82A2FFE2}.Debug|x64.ActiveCfg = Debug|Any CPU
		{B071A825-C72D-4C15-81B3-BC2C82A2FFE2}.Debug|x64.Build.0 = Debug|Any CPU
		{B071A825-C72D-4C15-81B3-BC2C82A2FFE2}.Debug|x86.ActiveCfg = Debug|Any CPU
		{B071A825-C72D-4C15-81B3-BC2C82A2FFE2}.Debug|x86.Build.0 = Debug|Any CPU
		{B071A825-C72D-4C15-81B3-BC2C82A2FFE2}.Release|Any CPU.ActiveCfg = Release|Any CPU
		{B071A825-C72D-4C15-81B3-BC2C82A2FFE2}.Release|Any CPU.Build.0 = Release|Any CPU
		{B071A825-C72D-4C15-81B3-BC2C82A2FFE2}.Release|x64.ActiveCfg = Release|Any CPU
		{B071A825-C72D-4C15-81B3-BC2C82A2FFE2}.Release|x64.Build.0 = Release|Any CPU
		{B071A825-C72D-4C15-81B3-BC2C82A2FFE2}.Release|x86.ActiveCfg = Release|Any CPU
		{B071A825-C72D-4C15-81B3-BC2C82A2FFE2}.Release|x86.Build.0 = Release|Any CPU
		{5A5ECC88-CC86-48D8-81EA-52D7DDD73578}.Debug|Any CPU.ActiveCfg = Debug|Any CPU
		{5A5ECC88-CC86-48D8-81EA-52D7DDD73578}.Debug|Any CPU.Build.0 = Debug|Any CPU
		{5A5ECC88-CC86-48D8-81EA-52D7DDD73578}.Debug|x64.ActiveCfg = Debug|Any CPU
		{5A5ECC88-CC86-48D8-81EA-52D7DDD73578}.Debug|x64.Build.0 = Debug|Any CPU
		{5A5ECC88-CC86-48D8-81EA-52D7DDD73578}.Debug|x86.ActiveCfg = Debug|Any CPU
		{5A5ECC88-CC86-48D8-81EA-52D7DDD73578}.Debug|x86.Build.0 = Debug|Any CPU
		{5A5ECC88-CC86-48D8-81EA-52D7DDD73578}.Release|Any CPU.ActiveCfg = Release|Any CPU
		{5A5ECC88-CC86-48D8-81EA-52D7DDD73578}.Release|Any CPU.Build.0 = Release|Any CPU
		{5A5ECC88-CC86-48D8-81EA-52D7DDD73578}.Release|x64.ActiveCfg = Release|Any CPU
		{5A5ECC88-CC86-48D8-81EA-52D7DDD73578}.Release|x64.Build.0 = Release|Any CPU
		{5A5ECC88-CC86-48D8-81EA-52D7DDD73578}.Release|x86.ActiveCfg = Release|Any CPU
		{5A5ECC88-CC86-48D8-81EA-52D7DDD73578}.Release|x86.Build.0 = Release|Any CPU
		{CBCDE861-65EF-43CF-BABB-96BF5CC9800D}.Debug|Any CPU.ActiveCfg = Debug|Any CPU
		{CBCDE861-65EF-43CF-BABB-96BF5CC9800D}.Debug|Any CPU.Build.0 = Debug|Any CPU
		{CBCDE861-65EF-43CF-BABB-96BF5CC9800D}.Debug|x64.ActiveCfg = Debug|Any CPU
		{CBCDE861-65EF-43CF-BABB-96BF5CC9800D}.Debug|x64.Build.0 = Debug|Any CPU
		{CBCDE861-65EF-43CF-BABB-96BF5CC9800D}.Debug|x86.ActiveCfg = Debug|Any CPU
		{CBCDE861-65EF-43CF-BABB-96BF5CC9800D}.Debug|x86.Build.0 = Debug|Any CPU
		{CBCDE861-65EF-43CF-BABB-96BF5CC9800D}.Release|Any CPU.ActiveCfg = Release|Any CPU
		{CBCDE861-65EF-43CF-BABB-96BF5CC9800D}.Release|Any CPU.Build.0 = Release|Any CPU
		{CBCDE861-65EF-43CF-BABB-96BF5CC9800D}.Release|x64.ActiveCfg = Release|Any CPU
		{CBCDE861-65EF-43CF-BABB-96BF5CC9800D}.Release|x64.Build.0 = Release|Any CPU
		{CBCDE861-65EF-43CF-BABB-96BF5CC9800D}.Release|x86.ActiveCfg = Release|Any CPU
		{CBCDE861-65EF-43CF-BABB-96BF5CC9800D}.Release|x86.Build.0 = Release|Any CPU
		{4A3B1CC6-5E9D-F4A9-858F-3D5BACC0DCE2}.Debug|Any CPU.ActiveCfg = Debug|Any CPU
		{4A3B1CC6-5E9D-F4A9-858F-3D5BACC0DCE2}.Debug|Any CPU.Build.0 = Debug|Any CPU
		{4A3B1CC6-5E9D-F4A9-858F-3D5BACC0DCE2}.Debug|x64.ActiveCfg = Debug|Any CPU
		{4A3B1CC6-5E9D-F4A9-858F-3D5BACC0DCE2}.Debug|x64.Build.0 = Debug|Any CPU
		{4A3B1CC6-5E9D-F4A9-858F-3D5BACC0DCE2}.Debug|x86.ActiveCfg = Debug|Any CPU
		{4A3B1CC6-5E9D-F4A9-858F-3D5BACC0DCE2}.Debug|x86.Build.0 = Debug|Any CPU
		{4A3B1CC6-5E9D-F4A9-858F-3D5BACC0DCE2}.Release|Any CPU.ActiveCfg = Release|Any CPU
		{4A3B1CC6-5E9D-F4A9-858F-3D5BACC0DCE2}.Release|Any CPU.Build.0 = Release|Any CPU
		{4A3B1CC6-5E9D-F4A9-858F-3D5BACC0DCE2}.Release|x64.ActiveCfg = Release|Any CPU
		{4A3B1CC6-5E9D-F4A9-858F-3D5BACC0DCE2}.Release|x64.Build.0 = Release|Any CPU
		{4A3B1CC6-5E9D-F4A9-858F-3D5BACC0DCE2}.Release|x86.ActiveCfg = Release|Any CPU
		{4A3B1CC6-5E9D-F4A9-858F-3D5BACC0DCE2}.Release|x86.Build.0 = Release|Any CPU
	EndGlobalSection
	GlobalSection(SolutionProperties) = preSolution
		HideSolutionNode = FALSE
	EndGlobalSection
	GlobalSection(NestedProjects) = preSolution
		{45307268-0DE1-4E1E-A48B-A21E82569B55} = {827E0CD3-B72D-47B6-A68D-7590B98EB39B}
		{CDD2BBBD-EE40-4D0F-B552-F92DE6878735} = {827E0CD3-B72D-47B6-A68D-7590B98EB39B}
		{07247C00-9F98-4C27-A069-263004CA2A7F} = {827E0CD3-B72D-47B6-A68D-7590B98EB39B}
		{67BB7101-4587-4654-B5C4-F322A331BED0} = {827E0CD3-B72D-47B6-A68D-7590B98EB39B}
		{E566129C-04DA-48D1-8415-2394D8853B33} = {827E0CD3-B72D-47B6-A68D-7590B98EB39B}
		{59C10627-C5A7-4147-80E6-B926F34DDC6B} = {827E0CD3-B72D-47B6-A68D-7590B98EB39B}
		{15C49A41-919F-4C1B-B05A-E62A744E2F08} = {827E0CD3-B72D-47B6-A68D-7590B98EB39B}
		{4A351D51-0540-4C03-8EFF-A000DB9F32D5} = {827E0CD3-B72D-47B6-A68D-7590B98EB39B}
		{550B6054-3939-41FE-9F23-82E6DA39A030} = {827E0CD3-B72D-47B6-A68D-7590B98EB39B}
		{14300016-35C0-4EE6-9DBF-7ED9471C9457} = {02EA681E-C7D8-13C7-8484-4AC65E1B71E8}
		{EB16FDE7-0546-4FB3-8062-0DE089576A2D} = {02EA681E-C7D8-13C7-8484-4AC65E1B71E8}
		{34BE4B78-D038-4CD4-84D3-5D6B7838A18F} = {02EA681E-C7D8-13C7-8484-4AC65E1B71E8}
		{0FCD909D-148D-40E0-A228-228A438E61D8} = {02EA681E-C7D8-13C7-8484-4AC65E1B71E8}
		{B071A825-C72D-4C15-81B3-BC2C82A2FFE2} = {02EA681E-C7D8-13C7-8484-4AC65E1B71E8}
		{5A5ECC88-CC86-48D8-81EA-52D7DDD73578} = {02EA681E-C7D8-13C7-8484-4AC65E1B71E8}
		{CBCDE861-65EF-43CF-BABB-96BF5CC9800D} = {EF0CAEC9-4B30-42D7-93B4-36351119F59B}
		{4A3B1CC6-5E9D-F4A9-858F-3D5BACC0DCE2} = {02EA681E-C7D8-13C7-8484-4AC65E1B71E8}
	EndGlobalSection
	GlobalSection(ExtensibilityGlobals) = postSolution
		SolutionGuid = {742FA71F-FF0D-4401-908C-0ED50B8BEB6B}
	EndGlobalSection
EndGlobal
