
Microsoft Visual Studio Solution File, Format Version 12.00
# Visual Studio Version 17
VisualStudioVersion = 17.14.36623.8
MinimumVisualStudioVersion = 10.0.40219.1
Project("{2150E333-8FDC-42A3-9474-1A3956D46DE8}") = "src", "src", "{827E0CD3-B72D-47B6-A68D-7590B98EB39B}"
EndProject
Project("{FAE04EC0-301F-11D3-BF4B-00C04F79EFBC}") = "Planner.API", "src\Planner.API\Planner.API.csproj", "{45307268-0DE1-4E1E-A48B-A21E82569B55}"
EndProject
Project("{FAE04EC0-301F-11D3-BF4B-00C04F79EFBC}") = "Planner.Application", "src\Planner.Application\Planner.Application.csproj", "{CDD2BBBD-EE40-4D0F-B552-F92DE6878735}"
EndProject
Project("{FAE04EC0-301F-11D3-BF4B-00C04F79EFBC}") = "Planner.BlazorApp", "src\Planner.BlazorApp\Planner.BlazorApp.csproj", "{07247C00-9F98-4C27-A069-263004CA2A7F}"
	ProjectSection(ProjectDependencies) = postProject
		{15C49A41-919F-4C1B-B05A-E62A744E2F08} = {15C49A41-919F-4C1B-B05A-E62A744E2F08}
		{4A351D51-0540-4C03-8EFF-A000DB9F32D5} = {4A351D51-0540-4C03-8EFF-A000DB9F32D5}
		{67BB7101-4587-4654-B5C4-F322A331BED0} = {67BB7101-4587-4654-B5C4-F322A331BED0}
		{CDD2BBBD-EE40-4D0F-B552-F92DE6878735} = {CDD2BBBD-EE40-4D0F-B552-F92DE6878735}
	EndProjectSection
EndProject
Project("{FAE04EC0-301F-11D3-BF4B-00C04F79EFBC}") = "Planner.Domain", "src\Planner.Domain\Planner.Domain.csproj", "{67BB7101-4587-4654-B5C4-F322A331BED0}"
EndProject
Project("{FAE04EC0-301F-11D3-BF4B-00C04F79EFBC}") = "Planner.Infrastructure", "src\Planner.Infrastructure\Planner.Infrastructure.csproj", "{E566129C-04DA-48D1-8415-2394D8853B33}"
EndProject
Project("{FAE04EC0-301F-11D3-BF4B-00C04F79EFBC}") = "Planner.Optimization", "src\Planner.Optimization\Planner.Optimization.csproj", "{59C10627-C5A7-4147-80E6-B926F34DDC6B}"
EndProject
Project("{FAE04EC0-301F-11D3-BF4B-00C04F79EFBC}") = "Planner.Contracts", "src\Planner.Contracts\Planner.Contracts.csproj", "{15C49A41-919F-4C1B-B05A-E62A744E2F08}"
EndProject
Project("{FAE04EC0-301F-11D3-BF4B-00C04F79EFBC}") = "Planner.Messaging", "src\Planner.Messaging\Planner.Messaging.csproj", "{4A351D51-0540-4C03-8EFF-A000DB9F32D5}"
EndProject
Project("{2150E333-8FDC-42A3-9474-1A3956D46DE8}") = "Solution Items", "Solution Items", "{8EC462FD-D22E-90A8-E5CE-7E832BA40C5D}"
	ProjectSection(SolutionItems) = preProject
		README.md = README.md
	EndProjectSection
EndProject
Project("{FAE04EC0-301F-11D3-BF4B-00C04F79EFBC}") = "Planner.Optimization.Worker", "src\Planner.Optimization.Worker\Planner.Optimization.Worker.csproj", "{550B6054-3939-41FE-9F23-82E6DA39A030}"
EndProject
Project("{FAE04EC0-301F-11D3-BF4B-00C04F79EFBC}") = "Planner.Optimization.Contracts", "src\Planner.Optimization.Contracts\Planner.Optimization.Contracts.csproj", "{7169979D-66E5-4F97-BDBC-A6E877159EB2}"
EndProject
Global
	GlobalSection(SolutionConfigurationPlatforms) = preSolution
		Debug|Any CPU = Debug|Any CPU
		Debug|x64 = Debug|x64
		Debug|x86 = Debug|x86
		Release|Any CPU = Release|Any CPU
		Release|x64 = Release|x64
		Release|x86 = Release|x86
	EndGlobalSection
	GlobalSection(ProjectConfigurationPlatforms) = postSolution
		{45307268-0DE1-4E1E-A48B-A21E82569B55}.Debug|Any CPU.ActiveCfg = Debug|Any CPU
		{45307268-0DE1-4E1E-A48B-A21E82569B55}.Debug|Any CPU.Build.0 = Debug|Any CPU
		{45307268-0DE1-4E1E-A48B-A21E82569B55}.Debug|x64.ActiveCfg = Debug|Any CPU
		{45307268-0DE1-4E1E-A48B-A21E82569B55}.Debug|x64.Build.0 = Debug|Any CPU
		{45307268-0DE1-4E1E-A48B-A21E82569B55}.Debug|x86.ActiveCfg = Debug|Any CPU
		{45307268-0DE1-4E1E-A48B-A21E82569B55}.Debug|x86.Build.0 = Debug|Any CPU
		{45307268-0DE1-4E1E-A48B-A21E82569B55}.Release|Any CPU.ActiveCfg = Release|Any CPU
		{45307268-0DE1-4E1E-A48B-A21E82569B55}.Release|Any CPU.Build.0 = Release|Any CPU
		{45307268-0DE1-4E1E-A48B-A21E82569B55}.Release|x64.ActiveCfg = Release|Any CPU
		{45307268-0DE1-4E1E-A48B-A21E82569B55}.Release|x64.Build.0 = Release|Any CPU
		{45307268-0DE1-4E1E-A48B-A21E82569B55}.Release|x86.ActiveCfg = Release|Any CPU
		{45307268-0DE1-4E1E-A48B-A21E82569B55}.Release|x86.Build.0 = Release|Any CPU
		{CDD2BBBD-EE40-4D0F-B552-F92DE6878735}.Debug|Any CPU.ActiveCfg = Debug|Any CPU
		{CDD2BBBD-EE40-4D0F-B552-F92DE6878735}.Debug|Any CPU.Build.0 = Debug|Any CPU
		{CDD2BBBD-EE40-4D0F-B552-F92DE6878735}.Debug|x64.ActiveCfg = Debug|Any CPU
		{CDD2BBBD-EE40-4D0F-B552-F92DE6878735}.Debug|x64.Build.0 = Debug|Any CPU
		{CDD2BBBD-EE40-4D0F-B552-F92DE6878735}.Debug|x86.ActiveCfg = Debug|Any CPU
		{CDD2BBBD-EE40-4D0F-B552-F92DE6878735}.Debug|x86.Build.0 = Debug|Any CPU
		{CDD2BBBD-EE40-4D0F-B552-F92DE6878735}.Release|Any CPU.ActiveCfg = Release|Any CPU
		{CDD2BBBD-EE40-4D0F-B552-F92DE6878735}.Release|Any CPU.Build.0 = Release|Any CPU
		{CDD2BBBD-EE40-4D0F-B552-F92DE6878735}.Release|x64.ActiveCfg = Release|Any CPU
		{CDD2BBBD-EE40-4D0F-B552-F92DE6878735}.Release|x64.Build.0 = Release|Any CPU
		{CDD2BBBD-EE40-4D0F-B552-F92DE6878735}.Release|x86.ActiveCfg = Release|Any CPU
		{CDD2BBBD-EE40-4D0F-B552-F92DE6878735}.Release|x86.Build.0 = Release|Any CPU
		{07247C00-9F98-4C27-A069-263004CA2A7F}.Debug|Any CPU.ActiveCfg = Debug|Any CPU
		{07247C00-9F98-4C27-A069-263004CA2A7F}.Debug|Any CPU.Build.0 = Debug|Any CPU
		{07247C00-9F98-4C27-A069-263004CA2A7F}.Debug|x64.ActiveCfg = Debug|Any CPU
		{07247C00-9F98-4C27-A069-263004CA2A7F}.Debug|x64.Build.0 = Debug|Any CPU
		{07247C00-9F98-4C27-A069-263004CA2A7F}.Debug|x86.ActiveCfg = Debug|Any CPU
		{07247C00-9F98-4C27-A069-263004CA2A7F}.Debug|x86.Build.0 = Debug|Any CPU
		{07247C00-9F98-4C27-A069-263004CA2A7F}.Release|Any CPU.ActiveCfg = Release|Any CPU
		{07247C00-9F98-4C27-A069-263004CA2A7F}.Release|Any CPU.Build.0 = Release|Any CPU
		{07247C00-9F98-4C27-A069-263004CA2A7F}.Release|x64.ActiveCfg = Release|Any CPU
		{07247C00-9F98-4C27-A069-263004CA2A7F}.Release|x64.Build.0 = Release|Any CPU
		{07247C00-9F98-4C27-A069-263004CA2A7F}.Release|x86.ActiveCfg = Release|Any CPU
		{07247C00-9F98-4C27-A069-263004CA2A7F}.Release|x86.Build.0 = Release|Any CPU
		{67BB7101-4587-4654-B5C4-F322A331BED0}.Debug|Any CPU.ActiveCfg = Debug|Any CPU
		{67BB7101-4587-4654-B5C4-F322A331BED0}.Debug|Any CPU.Build.0 = Debug|Any CPU
		{67BB7101-4587-4654-B5C4-F322A331BED0}.Debug|x64.ActiveCfg = Debug|Any CPU
		{67BB7101-4587-4654-B5C4-F322A331BED0}.Debug|x64.Build.0 = Debug|Any CPU
		{67BB7101-4587-4654-B5C4-F322A331BED0}.Debug|x86.ActiveCfg = Debug|Any CPU
		{67BB7101-4587-4654-B5C4-F322A331BED0}.Debug|x86.Build.0 = Debug|Any CPU
		{67BB7101-4587-4654-B5C4-F322A331BED0}.Release|Any CPU.ActiveCfg = Release|Any CPU
		{67BB7101-4587-4654-B5C4-F322A331BED0}.Release|Any CPU.Build.0 = Release|Any CPU
		{67BB7101-4587-4654-B5C4-F322A331BED0}.Release|x64.ActiveCfg = Release|Any CPU
		{67BB7101-4587-4654-B5C4-F322A331BED0}.Release|x64.Build.0 = Release|Any CPU
		{67BB7101-4587-4654-B5C4-F322A331BED0}.Release|x86.ActiveCfg = Release|Any CPU
		{67BB7101-4587-4654-B5C4-F322A331BED0}.Release|x86.Build.0 = Release|Any CPU
		{E566129C-04DA-48D1-8415-2394D8853B33}.Debug|Any CPU.ActiveCfg = Debug|Any CPU
		{E566129C-04DA-48D1-8415-2394D8853B33}.Debug|Any CPU.Build.0 = Debug|Any CPU
		{E566129C-04DA-48D1-8415-2394D8853B33}.Debug|x64.ActiveCfg = Debug|Any CPU
		{E566129C-04DA-48D1-8415-2394D8853B33}.Debug|x64.Build.0 = Debug|Any CPU
		{E566129C-04DA-48D1-8415-2394D8853B33}.Debug|x86.ActiveCfg = Debug|Any CPU
		{E566129C-04DA-48D1-8415-2394D8853B33}.Debug|x86.Build.0 = Debug|Any CPU
		{E566129C-04DA-48D1-8415-2394D8853B33}.Release|Any CPU.ActiveCfg = Release|Any CPU
		{E566129C-04DA-48D1-8415-2394D8853B33}.Release|Any CPU.Build.0 = Release|Any CPU
		{E566129C-04DA-48D1-8415-2394D8853B33}.Release|x64.ActiveCfg = Release|Any CPU
		{E566129C-04DA-48D1-8415-2394D8853B33}.Release|x64.Build.0 = Release|Any CPU
		{E566129C-04DA-48D1-8415-2394D8853B33}.Release|x86.ActiveCfg = Release|Any CPU
		{E566129C-04DA-48D1-8415-2394D8853B33}.Release|x86.Build.0 = Release|Any CPU
		{59C10627-C5A7-4147-80E6-B926F34DDC6B}.Debug|Any CPU.ActiveCfg = Debug|Any CPU
		{59C10627-C5A7-4147-80E6-B926F34DDC6B}.Debug|Any CPU.Build.0 = Debug|Any CPU
		{59C10627-C5A7-4147-80E6-B926F34DDC6B}.Debug|x64.ActiveCfg = Debug|Any CPU
		{59C10627-C5A7-4147-80E6-B926F34DDC6B}.Debug|x64.Build.0 = Debug|Any CPU
		{59C10627-C5A7-4147-80E6-B926F34DDC6B}.Debug|x86.ActiveCfg = Debug|Any CPU
		{59C10627-C5A7-4147-80E6-B926F34DDC6B}.Debug|x86.Build.0 = Debug|Any CPU
		{59C10627-C5A7-4147-80E6-B926F34DDC6B}.Release|Any CPU.ActiveCfg = Release|Any CPU
		{59C10627-C5A7-4147-80E6-B926F34DDC6B}.Release|Any CPU.Build.0 = Release|Any CPU
		{59C10627-C5A7-4147-80E6-B926F34DDC6B}.Release|x64.ActiveCfg = Release|Any CPU
		{59C10627-C5A7-4147-80E6-B926F34DDC6B}.Release|x64.Build.0 = Release|Any CPU
		{59C10627-C5A7-4147-80E6-B926F34DDC6B}.Release|x86.ActiveCfg = Release|Any CPU
		{59C10627-C5A7-4147-80E6-B926F34DDC6B}.Release|x86.Build.0 = Release|Any CPU
		{15C49A41-919F-4C1B-B05A-E62A744E2F08}.Debug|Any CPU.ActiveCfg = Debug|Any CPU
		{15C49A41-919F-4C1B-B05A-E62A744E2F08}.Debug|Any CPU.Build.0 = Debug|Any CPU
		{15C49A41-919F-4C1B-B05A-E62A744E2F08}.Debug|x64.ActiveCfg = Debug|Any CPU
		{15C49A41-919F-4C1B-B05A-E62A744E2F08}.Debug|x64.Build.0 = Debug|Any CPU
		{15C49A41-919F-4C1B-B05A-E62A744E2F08}.Debug|x86.ActiveCfg = Debug|Any CPU
		{15C49A41-919F-4C1B-B05A-E62A744E2F08}.Debug|x86.Build.0 = Debug|Any CPU
		{15C49A41-919F-4C1B-B05A-E62A744E2F08}.Release|Any CPU.ActiveCfg = Release|Any CPU
		{15C49A41-919F-4C1B-B05A-E62A744E2F08}.Release|Any CPU.Build.0 = Release|Any CPU
		{15C49A41-919F-4C1B-B05A-E62A744E2F08}.Release|x64.ActiveCfg = Release|Any CPU
		{15C49A41-919F-4C1B-B05A-E62A744E2F08}.Release|x64.Build.0 = Release|Any CPU
		{15C49A41-919F-4C1B-B05A-E62A744E2F08}.Release|x86.ActiveCfg = Release|Any CPU
		{15C49A41-919F-4C1B-B05A-E62A744E2F08}.Release|x86.Build.0 = Release|Any CPU
		{4A351D51-0540-4C03-8EFF-A000DB9F32D5}.Debug|Any CPU.ActiveCfg = Debug|Any CPU
		{4A351D51-0540-4C03-8EFF-A000DB9F32D5}.Debug|Any CPU.Build.0 = Debug|Any CPU
		{4A351D51-0540-4C03-8EFF-A000DB9F32D5}.Debug|x64.ActiveCfg = Debug|Any CPU
		{4A351D51-0540-4C03-8EFF-A000DB9F32D5}.Debug|x64.Build.0 = Debug|Any CPU
		{4A351D51-0540-4C03-8EFF-A000DB9F32D5}.Debug|x86.ActiveCfg = Debug|Any CPU
		{4A351D51-0540-4C03-8EFF-A000DB9F32D5}.Debug|x86.Build.0 = Debug|Any CPU
		{4A351D51-0540-4C03-8EFF-A000DB9F32D5}.Release|Any CPU.ActiveCfg = Release|Any CPU
		{4A351D51-0540-4C03-8EFF-A000DB9F32D5}.Release|Any CPU.Build.0 = Release|Any CPU
		{4A351D51-0540-4C03-8EFF-A000DB9F32D5}.Release|x64.ActiveCfg = Release|Any CPU
		{4A351D51-0540-4C03-8EFF-A000DB9F32D5}.Release|x64.Build.0 = Release|Any CPU
		{4A351D51-0540-4C03-8EFF-A000DB9F32D5}.Release|x86.ActiveCfg = Release|Any CPU
		{4A351D51-0540-4C03-8EFF-A000DB9F32D5}.Release|x86.Build.0 = Release|Any CPU
		{550B6054-3939-41FE-9F23-82E6DA39A030}.Debug|Any CPU.ActiveCfg = Debug|Any CPU
		{550B6054-3939-41FE-9F23-82E6DA39A030}.Debug|Any CPU.Build.0 = Debug|Any CPU
		{550B6054-3939-41FE-9F23-82E6DA39A030}.Debug|x64.ActiveCfg = Debug|Any CPU
		{550B6054-3939-41FE-9F23-82E6DA39A030}.Debug|x64.Build.0 = Debug|Any CPU
		{550B6054-3939-41FE-9F23-82E6DA39A030}.Debug|x86.ActiveCfg = Debug|Any CPU
		{550B6054-3939-41FE-9F23-82E6DA39A030}.Debug|x86.Build.0 = Debug|Any CPU
		{550B6054-3939-41FE-9F23-82E6DA39A030}.Release|Any CPU.ActiveCfg = Release|Any CPU
		{550B6054-3939-41FE-9F23-82E6DA39A030}.Release|Any CPU.Build.0 = Release|Any CPU
		{550B6054-3939-41FE-9F23-82E6DA39A030}.Release|x64.ActiveCfg = Release|Any CPU
		{550B6054-3939-41FE-9F23-82E6DA39A030}.Release|x64.Build.0 = Release|Any CPU
		{550B6054-3939-41FE-9F23-82E6DA39A030}.Release|x86.ActiveCfg = Release|Any CPU
		{550B6054-3939-41FE-9F23-82E6DA39A030}.Release|x86.Build.0 = Release|Any CPU
		{7169979D-66E5-4F97-BDBC-A6E877159EB2}.Debug|Any CPU.ActiveCfg = Debug|Any CPU
		{7169979D-66E5-4F97-BDBC-A6E877159EB2}.Debug|Any CPU.Build.0 = Debug|Any CPU
		{7169979D-66E5-4F97-BDBC-A6E877159EB2}.Debug|x64.ActiveCfg = Debug|Any CPU
		{7169979D-66E5-4F97-BDBC-A6E877159EB2}.Debug|x64.Build.0 = Debug|Any CPU
		{7169979D-66E5-4F97-BDBC-A6E877159EB2}.Debug|x86.ActiveCfg = Debug|Any CPU
		{7169979D-66E5-4F97-BDBC-A6E877159EB2}.Debug|x86.Build.0 = Debug|Any CPU
		{7169979D-66E5-4F97-BDBC-A6E877159EB2}.Release|Any CPU.ActiveCfg = Release|Any CPU
		{7169979D-66E5-4F97-BDBC-A6E877159EB2}.Release|Any CPU.Build.0 = Release|Any CPU
		{7169979D-66E5-4F97-BDBC-A6E877159EB2}.Release|x64.ActiveCfg = Release|Any CPU
		{7169979D-66E5-4F97-BDBC-A6E877159EB2}.Release|x64.Build.0 = Release|Any CPU
		{7169979D-66E5-4F97-BDBC-A6E877159EB2}.Release|x86.ActiveCfg = Release|Any CPU
		{7169979D-66E5-4F97-BDBC-A6E877159EB2}.Release|x86.Build.0 = Release|Any CPU
	EndGlobalSection
	GlobalSection(SolutionProperties) = preSolution
		HideSolutionNode = FALSE
	EndGlobalSection
	GlobalSection(NestedProjects) = preSolution
		{45307268-0DE1-4E1E-A48B-A21E82569B55} = {827E0CD3-B72D-47B6-A68D-7590B98EB39B}
		{CDD2BBBD-EE40-4D0F-B552-F92DE6878735} = {827E0CD3-B72D-47B6-A68D-7590B98EB39B}
		{07247C00-9F98-4C27-A069-263004CA2A7F} = {827E0CD3-B72D-47B6-A68D-7590B98EB39B}
		{67BB7101-4587-4654-B5C4-F322A331BED0} = {827E0CD3-B72D-47B6-A68D-7590B98EB39B}
		{E566129C-04DA-48D1-8415-2394D8853B33} = {827E0CD3-B72D-47B6-A68D-7590B98EB39B}
		{59C10627-C5A7-4147-80E6-B926F34DDC6B} = {827E0CD3-B72D-47B6-A68D-7590B98EB39B}
		{15C49A41-919F-4C1B-B05A-E62A744E2F08} = {827E0CD3-B72D-47B6-A68D-7590B98EB39B}
		{4A351D51-0540-4C03-8EFF-A000DB9F32D5} = {827E0CD3-B72D-47B6-A68D-7590B98EB39B}
		{550B6054-3939-41FE-9F23-82E6DA39A030} = {827E0CD3-B72D-47B6-A68D-7590B98EB39B}
		{7169979D-66E5-4F97-BDBC-A6E877159EB2} = {827E0CD3-B72D-47B6-A68D-7590B98EB39B}
	EndGlobalSection
	GlobalSection(ExtensibilityGlobals) = postSolution
		SolutionGuid = {742FA71F-FF0D-4401-908C-0ED50B8BEB6B}
	EndGlobalSection
EndGlobal
